// !$*UTF8*$!
{
	archiveVersion = 1;
	classes = {
	};
	objectVersion = 46;
	objects = {

/* Begin PBXBuildFile section */
		4E1592DA19AB633600C1015F /* main.m in Sources */ = {isa = PBXBuildFile; fileRef = 4E1592D919AB633600C1015F /* main.m */; };
		4E1592DD19AB633600C1015F /* AppDelegate.m in Sources */ = {isa = PBXBuildFile; fileRef = 4E1592DC19AB633600C1015F /* AppDelegate.m */; };
		4E1592E319AB633600C1015F /* Main.storyboard in Resources */ = {isa = PBXBuildFile; fileRef = 4E1592E119AB633600C1015F /* Main.storyboard */; };
		4E1592E519AB633600C1015F /* Images.xcassets in Resources */ = {isa = PBXBuildFile; fileRef = 4E1592E419AB633600C1015F /* Images.xcassets */; };
		4E1592F119AB633600C1015F /* FacebookPopDemoTests.m in Sources */ = {isa = PBXBuildFile; fileRef = 4E1592F019AB633600C1015F /* FacebookPopDemoTests.m */; };
		4E1592FC19AB652300C1015F /* MainViewController.m in Sources */ = {isa = PBXBuildFile; fileRef = 4E1592FB19AB652300C1015F /* MainViewController.m */; };
		4E1592FF19AB674B00C1015F /* LoginModalViewController.m in Sources */ = {isa = PBXBuildFile; fileRef = 4E1592FE19AB674B00C1015F /* LoginModalViewController.m */; };
		4E15930219AB676300C1015F /* SignupModalViewController.m in Sources */ = {isa = PBXBuildFile; fileRef = 4E15930119AB676300C1015F /* SignupModalViewController.m */; };
		4EF233B119AC6EB20021ABF3 /* PresentingAnimator.m in Sources */ = {isa = PBXBuildFile; fileRef = 4EF233B019AC6EB20021ABF3 /* PresentingAnimator.m */; };
		4EF233B519AC81270021ABF3 /* DismissingAnimator.m in Sources */ = {isa = PBXBuildFile; fileRef = 4EF233B419AC81270021ABF3 /* DismissingAnimator.m */; };
		4EF233B819AC9A310021ABF3 /* ForgetPassModalViewController.m in Sources */ = {isa = PBXBuildFile; fileRef = 4EF233B719AC9A310021ABF3 /* ForgetPassModalViewController.m */; };
		E91D4D7FFBBC4ED8B2023C6A /* libPods.a in Frameworks */ = {isa = PBXBuildFile; fileRef = C40C0DDDB70C43DD8FCA6B48 /* libPods.a */; };
/* End PBXBuildFile section */

/* Begin PBXContainerItemProxy section */
		4E1592EB19AB633600C1015F /* PBXContainerItemProxy */ = {
			isa = PBXContainerItemProxy;
			containerPortal = 4E1592CC19AB633600C1015F /* Project object */;
			proxyType = 1;
			remoteGlobalIDString = 4E1592D319AB633600C1015F;
			remoteInfo = FacebookPopDemo;
		};
/* End PBXContainerItemProxy section */

/* Begin PBXFileReference section */
		4E1592D419AB633600C1015F /* FacebookPopDemo.app */ = {isa = PBXFileReference; explicitFileType = wrapper.application; includeInIndex = 0; path = FacebookPopDemo.app; sourceTree = BUILT_PRODUCTS_DIR; };
		4E1592D819AB633600C1015F /* Info.plist */ = {isa = PBXFileReference; lastKnownFileType = text.plist.xml; path = Info.plist; sourceTree = "<group>"; };
		4E1592D919AB633600C1015F /* main.m */ = {isa = PBXFileReference; lastKnownFileType = sourcecode.c.objc; path = main.m; sourceTree = "<group>"; };
		4E1592DB19AB633600C1015F /* AppDelegate.h */ = {isa = PBXFileReference; lastKnownFileType = sourcecode.c.h; path = AppDelegate.h; sourceTree = "<group>"; };
		4E1592DC19AB633600C1015F /* AppDelegate.m */ = {isa = PBXFileReference; lastKnownFileType = sourcecode.c.objc; path = AppDelegate.m; sourceTree = "<group>"; };
		4E1592E219AB633600C1015F /* Base */ = {isa = PBXFileReference; lastKnownFileType = file.storyboard; name = Base; path = Base.lproj/Main.storyboard; sourceTree = "<group>"; };
		4E1592E419AB633600C1015F /* Images.xcassets */ = {isa = PBXFileReference; lastKnownFileType = folder.assetcatalog; path = Images.xcassets; sourceTree = "<group>"; };
		4E1592EA19AB633600C1015F /* FacebookPopDemoTests.xctest */ = {isa = PBXFileReference; explicitFileType = wrapper.cfbundle; includeInIndex = 0; path = FacebookPopDemoTests.xctest; sourceTree = BUILT_PRODUCTS_DIR; };
		4E1592EF19AB633600C1015F /* Info.plist */ = {isa = PBXFileReference; lastKnownFileType = text.plist.xml; path = Info.plist; sourceTree = "<group>"; };
		4E1592F019AB633600C1015F /* FacebookPopDemoTests.m */ = {isa = PBXFileReference; lastKnownFileType = sourcecode.c.objc; path = FacebookPopDemoTests.m; sourceTree = "<group>"; };
		4E1592FA19AB652300C1015F /* MainViewController.h */ = {isa = PBXFileReference; fileEncoding = 4; lastKnownFileType = sourcecode.c.h; path = MainViewController.h; sourceTree = "<group>"; };
		4E1592FB19AB652300C1015F /* MainViewController.m */ = {isa = PBXFileReference; fileEncoding = 4; lastKnownFileType = sourcecode.c.objc; path = MainViewController.m; sourceTree = "<group>"; };
		4E1592FD19AB674B00C1015F /* LoginModalViewController.h */ = {isa = PBXFileReference; fileEncoding = 4; lastKnownFileType = sourcecode.c.h; path = LoginModalViewController.h; sourceTree = "<group>"; };
		4E1592FE19AB674B00C1015F /* LoginModalViewController.m */ = {isa = PBXFileReference; fileEncoding = 4; lastKnownFileType = sourcecode.c.objc; path = LoginModalViewController.m; sourceTree = "<group>"; };
		4E15930019AB676300C1015F /* SignupModalViewController.h */ = {isa = PBXFileReference; fileEncoding = 4; lastKnownFileType = sourcecode.c.h; path = SignupModalViewController.h; sourceTree = "<group>"; };
		4E15930119AB676300C1015F /* SignupModalViewController.m */ = {isa = PBXFileReference; fileEncoding = 4; lastKnownFileType = sourcecode.c.objc; path = SignupModalViewController.m; sourceTree = "<group>"; };
		4EF233AF19AC6EB20021ABF3 /* PresentingAnimator.h */ = {isa = PBXFileReference; fileEncoding = 4; lastKnownFileType = sourcecode.c.h; path = PresentingAnimator.h; sourceTree = "<group>"; };
		4EF233B019AC6EB20021ABF3 /* PresentingAnimator.m */ = {isa = PBXFileReference; fileEncoding = 4; lastKnownFileType = sourcecode.c.objc; path = PresentingAnimator.m; sourceTree = "<group>"; };
		4EF233B319AC81270021ABF3 /* DismissingAnimator.h */ = {isa = PBXFileReference; fileEncoding = 4; lastKnownFileType = sourcecode.c.h; path = DismissingAnimator.h; sourceTree = "<group>"; };
		4EF233B419AC81270021ABF3 /* DismissingAnimator.m */ = {isa = PBXFileReference; fileEncoding = 4; lastKnownFileType = sourcecode.c.objc; path = DismissingAnimator.m; sourceTree = "<group>"; };
		4EF233B619AC9A310021ABF3 /* ForgetPassModalViewController.h */ = {isa = PBXFileReference; fileEncoding = 4; lastKnownFileType = sourcecode.c.h; path = ForgetPassModalViewController.h; sourceTree = "<group>"; };
		4EF233B719AC9A310021ABF3 /* ForgetPassModalViewController.m */ = {isa = PBXFileReference; fileEncoding = 4; lastKnownFileType = sourcecode.c.objc; path = ForgetPassModalViewController.m; sourceTree = "<group>"; };
		C40C0DDDB70C43DD8FCA6B48 /* libPods.a */ = {isa = PBXFileReference; explicitFileType = archive.ar; includeInIndex = 0; path = libPods.a; sourceTree = BUILT_PRODUCTS_DIR; };
		D085D63940594F7EB361B493 /* Pods.xcconfig */ = {isa = PBXFileReference; includeInIndex = 1; lastKnownFileType = text.xcconfig; name = Pods.xcconfig; path = Pods/Pods.xcconfig; sourceTree = "<group>"; };
/* End PBXFileReference section */

/* Begin PBXFrameworksBuildPhase section */
		4E1592D119AB633600C1015F /* Frameworks */ = {
			isa = PBXFrameworksBuildPhase;
			buildActionMask = 2147483647;
			files = (
				E91D4D7FFBBC4ED8B2023C6A /* libPods.a in Frameworks */,
			);
			runOnlyForDeploymentPostprocessing = 0;
		};
		4E1592E719AB633600C1015F /* Frameworks */ = {
			isa = PBXFrameworksBuildPhase;
			buildActionMask = 2147483647;
			files = (
			);
			runOnlyForDeploymentPostprocessing = 0;
		};
/* End PBXFrameworksBuildPhase section */

/* Begin PBXGroup section */
		4E1592CB19AB633600C1015F = {
			isa = PBXGroup;
			children = (
				4E1592D619AB633600C1015F /* FacebookPopDemo */,
				4E1592ED19AB633600C1015F /* FacebookPopDemoTests */,
				4E1592D519AB633600C1015F /* Products */,
				D085D63940594F7EB361B493 /* Pods.xcconfig */,
				65FD1B2180DF43A39620AB14 /* Frameworks */,
			);
			sourceTree = "<group>";
		};
		4E1592D519AB633600C1015F /* Products */ = {
			isa = PBXGroup;
			children = (
				4E1592D419AB633600C1015F /* FacebookPopDemo.app */,
				4E1592EA19AB633600C1015F /* FacebookPopDemoTests.xctest */,
			);
			name = Products;
			sourceTree = "<group>";
		};
		4E1592D619AB633600C1015F /* FacebookPopDemo */ = {
			isa = PBXGroup;
			children = (
				4EF233B219AC6EC70021ABF3 /* Animator */,
				4E1592DB19AB633600C1015F /* AppDelegate.h */,
				4E1592DC19AB633600C1015F /* AppDelegate.m */,
				4E1592E119AB633600C1015F /* Main.storyboard */,
				4E1592E419AB633600C1015F /* Images.xcassets */,
				4E1592D719AB633600C1015F /* Supporting Files */,
				4E1592FA19AB652300C1015F /* MainViewController.h */,
				4E1592FB19AB652300C1015F /* MainViewController.m */,
				4E15930319AB677000C1015F /* AuthControllers */,
			);
			path = FacebookPopDemo;
			sourceTree = "<group>";
		};
		4E1592D719AB633600C1015F /* Supporting Files */ = {
			isa = PBXGroup;
			children = (
				4E1592D819AB633600C1015F /* Info.plist */,
				4E1592D919AB633600C1015F /* main.m */,
			);
			name = "Supporting Files";
			sourceTree = "<group>";
		};
		4E1592ED19AB633600C1015F /* FacebookPopDemoTests */ = {
			isa = PBXGroup;
			children = (
				4E1592F019AB633600C1015F /* FacebookPopDemoTests.m */,
				4E1592EE19AB633600C1015F /* Supporting Files */,
			);
			path = FacebookPopDemoTests;
			sourceTree = "<group>";
		};
		4E1592EE19AB633600C1015F /* Supporting Files */ = {
			isa = PBXGroup;
			children = (
				4E1592EF19AB633600C1015F /* Info.plist */,
			);
			name = "Supporting Files";
			sourceTree = "<group>";
		};
		4E15930319AB677000C1015F /* AuthControllers */ = {
			isa = PBXGroup;
			children = (
				4E1592FD19AB674B00C1015F /* LoginModalViewController.h */,
				4E1592FE19AB674B00C1015F /* LoginModalViewController.m */,
				4E15930019AB676300C1015F /* SignupModalViewController.h */,
				4E15930119AB676300C1015F /* SignupModalViewController.m */,
				4EF233B619AC9A310021ABF3 /* ForgetPassModalViewController.h */,
				4EF233B719AC9A310021ABF3 /* ForgetPassModalViewController.m */,
			);
			name = AuthControllers;
			sourceTree = "<group>";
		};
		4EF233B219AC6EC70021ABF3 /* Animator */ = {
			isa = PBXGroup;
			children = (
				4EF233AF19AC6EB20021ABF3 /* PresentingAnimator.h */,
				4EF233B019AC6EB20021ABF3 /* PresentingAnimator.m */,
				4EF233B319AC81270021ABF3 /* DismissingAnimator.h */,
				4EF233B419AC81270021ABF3 /* DismissingAnimator.m */,
			);
			name = Animator;
			sourceTree = "<group>";
		};
		65FD1B2180DF43A39620AB14 /* Frameworks */ = {
			isa = PBXGroup;
			children = (
				C40C0DDDB70C43DD8FCA6B48 /* libPods.a */,
			);
			name = Frameworks;
			sourceTree = "<group>";
		};
/* End PBXGroup section */

/* Begin PBXNativeTarget section */
		4E1592D319AB633600C1015F /* FacebookPopDemo */ = {
			isa = PBXNativeTarget;
			buildConfigurationList = 4E1592F419AB633600C1015F /* Build configuration list for PBXNativeTarget "FacebookPopDemo" */;
			buildPhases = (
				A81A509BA67848B3A055E384 /* Check Pods Manifest.lock */,
				4E1592D019AB633600C1015F /* Sources */,
				4E1592D119AB633600C1015F /* Frameworks */,
				4E1592D219AB633600C1015F /* Resources */,
				7DF65FBF3DBD4BA9B7F8CC0A /* Copy Pods Resources */,
			);
			buildRules = (
			);
			dependencies = (
			);
			name = FacebookPopDemo;
			productName = FacebookPopDemo;
			productReference = 4E1592D419AB633600C1015F /* FacebookPopDemo.app */;
			productType = "com.apple.product-type.application";
		};
		4E1592E919AB633600C1015F /* FacebookPopDemoTests */ = {
			isa = PBXNativeTarget;
			buildConfigurationList = 4E1592F719AB633600C1015F /* Build configuration list for PBXNativeTarget "FacebookPopDemoTests" */;
			buildPhases = (
				4E1592E619AB633600C1015F /* Sources */,
				4E1592E719AB633600C1015F /* Frameworks */,
				4E1592E819AB633600C1015F /* Resources */,
			);
			buildRules = (
			);
			dependencies = (
				4E1592EC19AB633600C1015F /* PBXTargetDependency */,
			);
			name = FacebookPopDemoTests;
			productName = FacebookPopDemoTests;
			productReference = 4E1592EA19AB633600C1015F /* FacebookPopDemoTests.xctest */;
			productType = "com.apple.product-type.bundle.unit-test";
		};
/* End PBXNativeTarget section */

/* Begin PBXProject section */
		4E1592CC19AB633600C1015F /* Project object */ = {
			isa = PBXProject;
			attributes = {
				LastUpgradeCheck = 0600;
				ORGANIZATIONNAME = nicholas;
				TargetAttributes = {
					4E1592D319AB633600C1015F = {
						CreatedOnToolsVersion = 6.0;
					};
					4E1592E919AB633600C1015F = {
						CreatedOnToolsVersion = 6.0;
						TestTargetID = 4E1592D319AB633600C1015F;
					};
				};
			};
			buildConfigurationList = 4E1592CF19AB633600C1015F /* Build configuration list for PBXProject "FacebookPopDemo" */;
			compatibilityVersion = "Xcode 3.2";
			developmentRegion = English;
			hasScannedForEncodings = 0;
			knownRegions = (
				en,
				Base,
			);
			mainGroup = 4E1592CB19AB633600C1015F;
			productRefGroup = 4E1592D519AB633600C1015F /* Products */;
			projectDirPath = "";
			projectRoot = "";
			targets = (
				4E1592D319AB633600C1015F /* FacebookPopDemo */,
				4E1592E919AB633600C1015F /* FacebookPopDemoTests */,
			);
		};
/* End PBXProject section */

/* Begin PBXResourcesBuildPhase section */
		4E1592D219AB633600C1015F /* Resources */ = {
			isa = PBXResourcesBuildPhase;
			buildActionMask = 2147483647;
			files = (
				4E1592E319AB633600C1015F /* Main.storyboard in Resources */,
				4E1592E519AB633600C1015F /* Images.xcassets in Resources */,
			);
			runOnlyForDeploymentPostprocessing = 0;
		};
		4E1592E819AB633600C1015F /* Resources */ = {
			isa = PBXResourcesBuildPhase;
			buildActionMask = 2147483647;
			files = (
			);
			runOnlyForDeploymentPostprocessing = 0;
		};
/* End PBXResourcesBuildPhase section */

/* Begin PBXShellScriptBuildPhase section */
		7DF65FBF3DBD4BA9B7F8CC0A /* Copy Pods Resources */ = {
			isa = PBXShellScriptBuildPhase;
			buildActionMask = 2147483647;
			files = (
			);
			inputPaths = (
			);
			name = "Copy Pods Resources";
			outputPaths = (
			);
			runOnlyForDeploymentPostprocessing = 0;
			shellPath = /bin/sh;
			shellScript = "\"${SRCROOT}/Pods/Pods-resources.sh\"\n";
			showEnvVarsInLog = 0;
		};
		A81A509BA67848B3A055E384 /* Check Pods Manifest.lock */ = {
			isa = PBXShellScriptBuildPhase;
			buildActionMask = 2147483647;
			files = (
			);
			inputPaths = (
			);
			name = "Check Pods Manifest.lock";
			outputPaths = (
			);
			runOnlyForDeploymentPostprocessing = 0;
			shellPath = /bin/sh;
			shellScript = "diff \"${PODS_ROOT}/../Podfile.lock\" \"${PODS_ROOT}/Manifest.lock\" > /dev/null\nif [[ $? != 0 ]] ; then\n    cat << EOM\nerror: The sandbox is not in sync with the Podfile.lock. Run 'pod install' or update your CocoaPods installation.\nEOM\n    exit 1\nfi\n";
			showEnvVarsInLog = 0;
		};
/* End PBXShellScriptBuildPhase section */

/* Begin PBXSourcesBuildPhase section */
		4E1592D019AB633600C1015F /* Sources */ = {
			isa = PBXSourcesBuildPhase;
			buildActionMask = 2147483647;
			files = (
				4E1592DD19AB633600C1015F /* AppDelegate.m in Sources */,
				4EF233B119AC6EB20021ABF3 /* PresentingAnimator.m in Sources */,
				4E15930219AB676300C1015F /* SignupModalViewController.m in Sources */,
				4E1592FC19AB652300C1015F /* MainViewController.m in Sources */,
				4EF233B819AC9A310021ABF3 /* ForgetPassModalViewController.m in Sources */,
				4E1592FF19AB674B00C1015F /* LoginModalViewController.m in Sources */,
				4E1592DA19AB633600C1015F /* main.m in Sources */,
				4EF233B519AC81270021ABF3 /* DismissingAnimator.m in Sources */,
			);
			runOnlyForDeploymentPostprocessing = 0;
		};
		4E1592E619AB633600C1015F /* Sources */ = {
			isa = PBXSourcesBuildPhase;
			buildActionMask = 2147483647;
			files = (
				4E1592F119AB633600C1015F /* FacebookPopDemoTests.m in Sources */,
			);
			runOnlyForDeploymentPostprocessing = 0;
		};
/* End PBXSourcesBuildPhase section */

/* Begin PBXTargetDependency section */
		4E1592EC19AB633600C1015F /* PBXTargetDependency */ = {
			isa = PBXTargetDependency;
			target = 4E1592D319AB633600C1015F /* FacebookPopDemo */;
			targetProxy = 4E1592EB19AB633600C1015F /* PBXContainerItemProxy */;
		};
/* End PBXTargetDependency section */

/* Begin PBXVariantGroup section */
		4E1592E119AB633600C1015F /* Main.storyboard */ = {
			isa = PBXVariantGroup;
			children = (
				4E1592E219AB633600C1015F /* Base */,
			);
			name = Main.storyboard;
			sourceTree = "<group>";
		};
/* End PBXVariantGroup section */

/* Begin XCBuildConfiguration section */
		4E1592F219AB633600C1015F /* Debug */ = {
			isa = XCBuildConfiguration;
			buildSettings = {
				ALWAYS_SEARCH_USER_PATHS = NO;
				CLANG_CXX_LANGUAGE_STANDARD = "gnu++0x";
				CLANG_CXX_LIBRARY = "libc++";
				CLANG_ENABLE_MODULES = YES;
				CLANG_ENABLE_OBJC_ARC = YES;
				CLANG_WARN_BOOL_CONVERSION = YES;
				CLANG_WARN_CONSTANT_CONVERSION = YES;
				CLANG_WARN_DIRECT_OBJC_ISA_USAGE = YES_ERROR;
				CLANG_WARN_EMPTY_BODY = YES;
				CLANG_WARN_ENUM_CONVERSION = YES;
				CLANG_WARN_INT_CONVERSION = YES;
				CLANG_WARN_OBJC_ROOT_CLASS = YES_ERROR;
				CLANG_WARN_UNREACHABLE_CODE = YES;
				CLANG_WARN__DUPLICATE_METHOD_MATCH = YES;
				"CODE_SIGN_IDENTITY[sdk=iphoneos*]" = "iPhone Developer";
				COPY_PHASE_STRIP = NO;
				ENABLE_STRICT_OBJC_MSGSEND = YES;
				GCC_C_LANGUAGE_STANDARD = gnu99;
				GCC_DYNAMIC_NO_PIC = NO;
				GCC_OPTIMIZATION_LEVEL = 0;
				GCC_PREPROCESSOR_DEFINITIONS = (
					"DEBUG=1",
					"$(inherited)",
				);
				GCC_SYMBOLS_PRIVATE_EXTERN = NO;
				GCC_WARN_64_TO_32_BIT_CONVERSION = YES;
				GCC_WARN_ABOUT_RETURN_TYPE = YES_ERROR;
				GCC_WARN_UNDECLARED_SELECTOR = YES;
				GCC_WARN_UNINITIALIZED_AUTOS = YES_AGGRESSIVE;
				GCC_WARN_UNUSED_FUNCTION = YES;
				GCC_WARN_UNUSED_VARIABLE = YES;
				IPHONEOS_DEPLOYMENT_TARGET = 8.0;
				MTL_ENABLE_DEBUG_INFO = YES;
				ONLY_ACTIVE_ARCH = YES;
				SDKROOT = iphoneos;
			};
			name = Debug;
		};
		4E1592F319AB633600C1015F /* Release */ = {
			isa = XCBuildConfiguration;
			buildSettings = {
				ALWAYS_SEARCH_USER_PATHS = NO;
				CLANG_CXX_LANGUAGE_STANDARD = "gnu++0x";
				CLANG_CXX_LIBRARY = "libc++";
				CLANG_ENABLE_MODULES = YES;
				CLANG_ENABLE_OBJC_ARC = YES;
				CLANG_WARN_BOOL_CONVERSION = YES;
				CLANG_WARN_CONSTANT_CONVERSION = YES;
				CLANG_WARN_DIRECT_OBJC_ISA_USAGE = YES_ERROR;
				CLANG_WARN_EMPTY_BODY = YES;
				CLANG_WARN_ENUM_CONVERSION = YES;
				CLANG_WARN_INT_CONVERSION = YES;
				CLANG_WARN_OBJC_ROOT_CLASS = YES_ERROR;
				CLANG_WARN_UNREACHABLE_CODE = YES;
				CLANG_WARN__DUPLICATE_METHOD_MATCH = YES;
				"CODE_SIGN_IDENTITY[sdk=iphoneos*]" = "iPhone Developer";
				COPY_PHASE_STRIP = YES;
				ENABLE_NS_ASSERTIONS = NO;
				ENABLE_STRICT_OBJC_MSGSEND = YES;
				GCC_C_LANGUAGE_STANDARD = gnu99;
				GCC_WARN_64_TO_32_BIT_CONVERSION = YES;
				GCC_WARN_ABOUT_RETURN_TYPE = YES_ERROR;
				GCC_WARN_UNDECLARED_SELECTOR = YES;
				GCC_WARN_UNINITIALIZED_AUTOS = YES_AGGRESSIVE;
				GCC_WARN_UNUSED_FUNCTION = YES;
				GCC_WARN_UNUSED_VARIABLE = YES;
				IPHONEOS_DEPLOYMENT_TARGET = 8.0;
				MTL_ENABLE_DEBUG_INFO = NO;
				SDKROOT = iphoneos;
				VALIDATE_PRODUCT = YES;
			};
			name = Release;
		};
		4E1592F519AB633600C1015F /* Debug */ = {
			isa = XCBuildConfiguration;
			baseConfigurationReference = D085D63940594F7EB361B493 /* Pods.xcconfig */;
			buildSettings = {
				ASSETCATALOG_COMPILER_APPICON_NAME = AppIcon;
				ASSETCATALOG_COMPILER_LAUNCHIMAGE_NAME = LaunchImage;
				INFOPLIST_FILE = FacebookPopDemo/Info.plist;
				IPHONEOS_DEPLOYMENT_TARGET = 7.0;
				LD_RUNPATH_SEARCH_PATHS = "$(inherited) @executable_path/Frameworks";
				PRODUCT_NAME = "$(TARGET_NAME)";
			};
			name = Debug;
		};
		4E1592F619AB633600C1015F /* Release */ = {
			isa = XCBuildConfiguration;
			baseConfigurationReference = D085D63940594F7EB361B493 /* Pods.xcconfig */;
			buildSettings = {
				ASSETCATALOG_COMPILER_APPICON_NAME = AppIcon;
				ASSETCATALOG_COMPILER_LAUNCHIMAGE_NAME = LaunchImage;
				INFOPLIST_FILE = FacebookPopDemo/Info.plist;
				IPHONEOS_DEPLOYMENT_TARGET = 7.0;
				LD_RUNPATH_SEARCH_PATHS = "$(inherited) @executable_path/Frameworks";
				PRODUCT_NAME = "$(TARGET_NAME)";
			};
			name = Release;
		};
		4E1592F819AB633600C1015F /* Debug */ = {
			isa = XCBuildConfiguration;
			buildSettings = {
				BUNDLE_LOADER = "$(BUILT_PRODUCTS_DIR)/FacebookPopDemo.app/FacebookPopDemo";
				FRAMEWORK_SEARCH_PATHS = (
					"$(SDKROOT)/Developer/Library/Frameworks",
					"$(inherited)",
				);
				GCC_PREPROCESSOR_DEFINITIONS = (
					"DEBUG=1",
					"$(inherited)",
				);
				INFOPLIST_FILE = FacebookPopDemoTests/Info.plist;
				LD_RUNPATH_SEARCH_PATHS = "$(inherited) @executable_path/Frameworks @loader_path/Frameworks";
				PRODUCT_NAME = "$(TARGET_NAME)";
				TEST_HOST = "$(BUNDLE_LOADER)";
			};
			name = Debug;
		};
		4E1592F919AB633600C1015F /* Release */ = {
			isa = XCBuildConfiguration;
			buildSettings = {
				BUNDLE_LOADER = "$(BUILT_PRODUCTS_DIR)/FacebookPopDemo.app/FacebookPopDemo";
				FRAMEWORK_SEARCH_PATHS = (
					"$(SDKROOT)/Developer/Library/Frameworks",
					"$(inherited)",
				);
				INFOPLIST_FILE = FacebookPopDemoTests/Info.plist;
				LD_RUNPATH_SEARCH_PATHS = "$(inherited) @executable_path/Frameworks @loader_path/Frameworks";
				PRODUCT_NAME = "$(TARGET_NAME)";
				TEST_HOST = "$(BUNDLE_LOADER)";
			};
			name = Release;
		};
/* End XCBuildConfiguration section */

/* Begin XCConfigurationList section */
		4E1592CF19AB633600C1015F /* Build configuration list for PBXProject "FacebookPopDemo" */ = {
			isa = XCConfigurationList;
			buildConfigurations = (
				4E1592F219AB633600C1015F /* Debug */,
				4E1592F319AB633600C1015F /* Release */,
			);
			defaultConfigurationIsVisible = 0;
			defaultConfigurationName = Release;
		};
		4E1592F419AB633600C1015F /* Build configuration list for PBXNativeTarget "FacebookPopDemo" */ = {
			isa = XCConfigurationList;
			buildConfigurations = (
				4E1592F519AB633600C1015F /* Debug */,
				4E1592F619AB633600C1015F /* Release */,
			);
			defaultConfigurationIsVisible = 0;
			defaultConfigurationName = Release;
		};
		4E1592F719AB633600C1015F /* Build configuration list for PBXNativeTarget "FacebookPopDemoTests" */ = {
			isa = XCConfigurationList;
			buildConfigurations = (
				4E1592F819AB633600C1015F /* Debug */,
				4E1592F919AB633600C1015F /* Release */,
			);
			defaultConfigurationIsVisible = 0;
			defaultConfigurationName = Release;
		};
/* End XCConfigurationList section */
	};
	rootObject = 4E1592CC19AB633600C1015F /* Project object */;
}
